%{"pollution": {:hex, :pollution, "0.9.2", "3f67542631071c99f807d2a8f9da799c07cd983c902f5357b9e1569c20a26e76", [], [], "hexpm"},
  "quixir": {:hex, :quixir, "0.9.3", "f01c37386b9e1d0526f01a8734a6d7884af294a0ec360f05c24c7171d74632bd", [], [{:pollution, "~> 0.9.2", [hex: :pollution, repo: "hexpm", optional: false]}], "hexpm"},
  "uuid": {:hex, :uuid, "1.1.8", "e22fc04499de0de3ed1116b770c7737779f226ceefa0badb3592e64d5cfb4eb9", [], [], "hexpm"}}
